
Microsoft Visual Studio Solution File, Format Version 12.00
Project("{FAE04EC0-301F-11D3-BF4B-00C04F79EFBC}") = "Kolokwium2App", "Kolokwium2App\Kolokwium2App.csproj", "{57ECF6D8-A69F-48ED-A5DC-66BD9AA49BFC}"
EndProject
Global
	GlobalSection(SolutionConfigurationPlatforms) = preSolution
		Debug|Any CPU = Debug|Any CPU
		Release|Any CPU = Release|Any CPU
	EndGlobalSection
	GlobalSection(ProjectConfigurationPlatforms) = postSolution
		{57ECF6D8-A69F-48ED-A5DC-66BD9AA49BFC}.Debug|Any CPU.ActiveCfg = Debug|Any CPU
		{57ECF6D8-A69F-48ED-A5DC-66BD9AA49BFC}.Debug|Any CPU.Build.0 = Debug|Any CPU
		{57ECF6D8-A69F-48ED-A5DC-66BD9AA49BFC}.Release|Any CPU.ActiveCfg = Release|Any CPU
		{57ECF6D8-A69F-48ED-A5DC-66BD9AA49BFC}.Release|Any CPU.Build.0 = Release|Any CPU
	EndGlobalSection
EndGlobal
